
Microsoft Visual Studio Solution File, Format Version 12.00
# Visual Studio Version 17
VisualStudioVersion = 17.2.32630.192
MinimumVisualStudioVersion = 10.0.40219.1
Project("{9A19103F-16F7-4668-BE54-9A1E7A4F7556}") = "HttpQuery", "HttpQuery\HttpQuery.csproj", "{DD70EDBE-E248-4CA7-82AB-004BFDDDF615}"
EndProject
Project("{9A19103F-16F7-4668-BE54-9A1E7A4F7556}") = "HttpQuery.Tests", "HttpQuery.Tests\HttpQuery.Tests.csproj", "{10773DCA-24A9-4159-BF13-9AC6B8FC93AA}"
EndProject
Global
	GlobalSection(SolutionConfigurationPlatforms) = preSolution
		Debug|Any CPU = Debug|Any CPU
		Release|Any CPU = Release|Any CPU
	EndGlobalSection
	GlobalSection(ProjectConfigurationPlatforms) = postSolution
		{DD70EDBE-E248-4CA7-82AB-004BFDDDF615}.Debug|Any CPU.ActiveCfg = Debug|Any CPU
		{DD70EDBE-E248-4CA7-82AB-004BFDDDF615}.Debug|Any CPU.Build.0 = Debug|Any CPU
		{DD70EDBE-E248-4CA7-82AB-004BFDDDF615}.Release|Any CPU.ActiveCfg = Release|Any CPU
		{DD70EDBE-E248-4CA7-82AB-004BFDDDF615}.Release|Any CPU.Build.0 = Release|Any CPU
		{10773DCA-24A9-4159-BF13-9AC6B8FC93AA}.Debug|Any CPU.ActiveCfg = Debug|Any CPU
		{10773DCA-24A9-4159-BF13-9AC6B8FC93AA}.Debug|Any CPU.Build.0 = Debug|Any CPU
		{10773DCA-24A9-4159-BF13-9AC6B8FC93AA}.Release|Any CPU.ActiveCfg = Release|Any CPU
		{10773DCA-24A9-4159-BF13-9AC6B8FC93AA}.Release|Any CPU.Build.0 = Release|Any CPU
	EndGlobalSection
	GlobalSection(SolutionProperties) = preSolution
		HideSolutionNode = FALSE
	EndGlobalSection
	GlobalSection(ExtensibilityGlobals) = postSolution
		SolutionGuid = {1C33EF6B-65D5-41B5-A263-953034B72494}
	EndGlobalSection
EndGlobal
